
Microsoft Visual Studio Solution File, Format Version 12.00
# Visual Studio 15
VisualStudioVersion = 15.0.27004.2005
MinimumVisualStudioVersion = 10.0.40219.1
Project("{FAE04EC0-301F-11D3-BF4B-00C04F79EFBC}") = "Entidades", "Entidades\Entidades.csproj", "{715E6E6C-3CAE-489D-B091-CFE54761A474}"
EndProject
Project("{FAE04EC0-301F-11D3-BF4B-00C04F79EFBC}") = "Cerizza.Mauricio.2C", "Cerizza.Mauricio.2C\Cerizza.Mauricio.2C.csproj", "{514B4075-B1CD-40DA-87F0-FCEE111C0B14}"
EndProject
Global
	GlobalSection(SolutionConfigurationPlatforms) = preSolution
		Debug|Any CPU = Debug|Any CPU
		Release|Any CPU = Release|Any CPU
	EndGlobalSection
	GlobalSection(ProjectConfigurationPlatforms) = postSolution
		{715E6E6C-3CAE-489D-B091-CFE54761A474}.Debug|Any CPU.ActiveCfg = Debug|Any CPU
		{715E6E6C-3CAE-489D-B091-CFE54761A474}.Debug|Any CPU.Build.0 = Debug|Any CPU
		{715E6E6C-3CAE-489D-B091-CFE54761A474}.Release|Any CPU.ActiveCfg = Release|Any CPU
		{715E6E6C-3CAE-489D-B091-CFE54761A474}.Release|Any CPU.Build.0 = Release|Any CPU
		{514B4075-B1CD-40DA-87F0-FCEE111C0B14}.Debug|Any CPU.ActiveCfg = Debug|Any CPU
		{514B4075-B1CD-40DA-87F0-FCEE111C0B14}.Debug|Any CPU.Build.0 = Debug|Any CPU
		{514B4075-B1CD-40DA-87F0-FCEE111C0B14}.Release|Any CPU.ActiveCfg = Release|Any CPU
		{514B4075-B1CD-40DA-87F0-FCEE111C0B14}.Release|Any CPU.Build.0 = Release|Any CPU
	EndGlobalSection
	GlobalSection(SolutionProperties) = preSolution
		HideSolutionNode = FALSE
	EndGlobalSection
	GlobalSection(ExtensibilityGlobals) = postSolution
		SolutionGuid = {15A99F78-8174-4553-82B7-1046473FCEFB}
	EndGlobalSection
EndGlobal
